# This file is generated by running "yarn install" inside your project.
# Manual changes might be lost - proceed with caution!

__metadata:
  version: 8
  cacheKey: 10c0

"@types/chrome@npm:^0.0.270":
  version: 0.0.270
  resolution: "@types/chrome@npm:0.0.270"
  dependencies:
    "@types/filesystem": "npm:*"
    "@types/har-format": "npm:*"
  checksum: 10c0/7922dd4d69c4766be93fe58d7aaf381192f7a5d90887a065dad63e4130ff5214917405c66fee78c93a8422d08deeff63606e7625a1939073cc9aeadb9179d80e
  languageName: node
  linkType: hard

"@types/filesystem@npm:*":
  version: 0.0.36
  resolution: "@types/filesystem@npm:0.0.36"
  dependencies:
    "@types/filewriter": "npm:*"
  checksum: 10c0/3ebec32f0494b0a2612187d148e9f253ff55672c53f566d9a1e6d891eb6e2372df93c252b594b2775bc53e6660c4c37fdb05dc1b26e72b60a31010da8e1f7317
  languageName: node
  linkType: hard

"@types/filewriter@npm:*":
  version: 0.0.33
  resolution: "@types/filewriter@npm:0.0.33"
  checksum: 10c0/363ef9a658a961ceae04f52934562e4ebdcdc3a2564dd8544f593d77113c16574938b6ba4fea0bee418c37bda0668c1e03dfedb6adf00d55853f51fb3a59247b
  languageName: node
  linkType: hard

"@types/firefox-webext-browser@npm:^120.0.4":
  version: 120.0.4
  resolution: "@types/firefox-webext-browser@npm:120.0.4"
  checksum: 10c0/75982a9c2dfdec8808a5a2356ff11e221d7891aebdb8e5c74cfcf6ac2ccd260dfd4b6b79ec99c214e17d1e6b1a6ff391a8dd0b569ba822c22246b4e6b5aaea34
  languageName: node
  linkType: hard

"@types/har-format@npm:*":
  version: 1.2.15
  resolution: "@types/har-format@npm:1.2.15"
  checksum: 10c0/43ede55c3947e5cf59561f165930dc2eb3ae983fd162980cdc7274be1e7f528a6f77e65fee9a02a20d91b09bde10bed832b0470724f5c744ef6669015d00564e
  languageName: node
  linkType: hard

"youtube-tab-playlist@workspace:.":
  version: 0.0.0-use.local
  resolution: "youtube-tab-playlist@workspace:."
  dependencies:
    "@types/chrome": "npm:^0.0.270"
    "@types/firefox-webext-browser": "npm:^120.0.4"
  languageName: unknown
  linkType: soft
